
Microsoft Visual Studio Solution File, Format Version 12.00
# Visual Studio Version 17
VisualStudioVersion = 17.1.32210.238
MinimumVisualStudioVersion = 10.0.40219.1
Project("{9A19103F-16F7-4668-BE54-9A1E7A4F7556}") = "MyLibrary", "..\OneDrive\Desktop\Library Project\Library-Management-System-OOP-master\MyLibrary.csproj", "{157764A0-B301-4157-96DD-A50FA873FC3A}"
EndProject
Global
	GlobalSection(SolutionConfigurationPlatforms) = preSolution
		Debug|Any CPU = Debug|Any CPU
		Release|Any CPU = Release|Any CPU
	EndGlobalSection
	GlobalSection(ProjectConfigurationPlatforms) = postSolution
		{157764A0-B301-4157-96DD-A50FA873FC3A}.Debug|Any CPU.ActiveCfg = Debug|Any CPU
		{157764A0-B301-4157-96DD-A50FA873FC3A}.Debug|Any CPU.Build.0 = Debug|Any CPU
		{157764A0-B301-4157-96DD-A50FA873FC3A}.Release|Any CPU.ActiveCfg = Release|Any CPU
		{157764A0-B301-4157-96DD-A50FA873FC3A}.Release|Any CPU.Build.0 = Release|Any CPU
	EndGlobalSection
	GlobalSection(SolutionProperties) = preSolution
		HideSolutionNode = FALSE
	EndGlobalSection
	GlobalSection(ExtensibilityGlobals) = postSolution
		SolutionGuid = {FC7A7EF1-BCBB-4AF4-B7CB-68862645947A}
	EndGlobalSection
EndGlobal
